// !$*UTF8*$!
{
	archiveVersion = 1;
	classes = {
	};
	objectVersion = 55;
	objects = {

/* Begin PBXBuildFile section */
		3E5EC49AAC603C88A24DB817 /* Pods_Instagram.framework in Frameworks */ = {isa = PBXBuildFile; fileRef = 61043760B3968A5B286120E3 /* Pods_Instagram.framework */; };
		3FDDD3E372849E35C8F4BE02 /* Pods_InstagramTests.framework in Frameworks */ = {isa = PBXBuildFile; fileRef = F594062F671C8B7718CD19DA /* Pods_InstagramTests.framework */; };
		7E0441FC286CD0B900722C86 /* AppDelegate.m in Sources */ = {isa = PBXBuildFile; fileRef = 7E0441FB286CD0B900722C86 /* AppDelegate.m */; };
		7E0441FF286CD0B900722C86 /* SceneDelegate.m in Sources */ = {isa = PBXBuildFile; fileRef = 7E0441FE286CD0B900722C86 /* SceneDelegate.m */; };
		7E044205286CD0B900722C86 /* Main.storyboard in Resources */ = {isa = PBXBuildFile; fileRef = 7E044203286CD0B900722C86 /* Main.storyboard */; };
		7E044207286CD0BA00722C86 /* Assets.xcassets in Resources */ = {isa = PBXBuildFile; fileRef = 7E044206286CD0BA00722C86 /* Assets.xcassets */; };
		7E04420A286CD0BA00722C86 /* LaunchScreen.storyboard in Resources */ = {isa = PBXBuildFile; fileRef = 7E044208286CD0BA00722C86 /* LaunchScreen.storyboard */; };
		7E04420D286CD0BA00722C86 /* main.m in Sources */ = {isa = PBXBuildFile; fileRef = 7E04420C286CD0BA00722C86 /* main.m */; };
		7E044217286CD0BA00722C86 /* InstagramTests.m in Sources */ = {isa = PBXBuildFile; fileRef = 7E044216286CD0BA00722C86 /* InstagramTests.m */; };
		7E044221286CD0BA00722C86 /* InstagramUITests.m in Sources */ = {isa = PBXBuildFile; fileRef = 7E044220286CD0BA00722C86 /* InstagramUITests.m */; };
		7E044223286CD0BA00722C86 /* InstagramUITestsLaunchTests.m in Sources */ = {isa = PBXBuildFile; fileRef = 7E044222286CD0BA00722C86 /* InstagramUITestsLaunchTests.m */; };
		7E8FD34E286CDAF0001F24A0 /* LoginViewController.m in Sources */ = {isa = PBXBuildFile; fileRef = 7E8FD34D286CDAF0001F24A0 /* LoginViewController.m */; };
		7E8FD351286D10E4001F24A0 /* FeedViewController.m in Sources */ = {isa = PBXBuildFile; fileRef = 7E8FD350286D10E4001F24A0 /* FeedViewController.m */; };
		7E8FD354286D10FC001F24A0 /* ProfileViewController.m in Sources */ = {isa = PBXBuildFile; fileRef = 7E8FD353286D10FC001F24A0 /* ProfileViewController.m */; };
		7E8FD357286D1B79001F24A0 /* InstaCell.m in Sources */ = {isa = PBXBuildFile; fileRef = 7E8FD356286D1B79001F24A0 /* InstaCell.m */; };
		8E171CC0FF0E1B5CD2FE8F3A /* Pods_Instagram_InstagramUITests.framework in Frameworks */ = {isa = PBXBuildFile; fileRef = 5FC4CE2987BEFD0D099A0D3A /* Pods_Instagram_InstagramUITests.framework */; };
/* End PBXBuildFile section */

/* Begin PBXContainerItemProxy section */
		7E044213286CD0BA00722C86 /* PBXContainerItemProxy */ = {
			isa = PBXContainerItemProxy;
			containerPortal = 7E0441EF286CD0B900722C86 /* Project object */;
			proxyType = 1;
			remoteGlobalIDString = 7E0441F6286CD0B900722C86;
			remoteInfo = Instagram;
		};
		7E04421D286CD0BA00722C86 /* PBXContainerItemProxy */ = {
			isa = PBXContainerItemProxy;
			containerPortal = 7E0441EF286CD0B900722C86 /* Project object */;
			proxyType = 1;
			remoteGlobalIDString = 7E0441F6286CD0B900722C86;
			remoteInfo = Instagram;
		};
/* End PBXContainerItemProxy section */

/* Begin PBXFileReference section */
		086F722914C048D5EB8F7A35 /* Pods-Instagram-InstagramUITests.release.xcconfig */ = {isa = PBXFileReference; includeInIndex = 1; lastKnownFileType = text.xcconfig; name = "Pods-Instagram-InstagramUITests.release.xcconfig"; path = "Target Support Files/Pods-Instagram-InstagramUITests/Pods-Instagram-InstagramUITests.release.xcconfig"; sourceTree = "<group>"; };
		529E2985D25A2C2010AA5D26 /* Pods-InstagramTests.release.xcconfig */ = {isa = PBXFileReference; includeInIndex = 1; lastKnownFileType = text.xcconfig; name = "Pods-InstagramTests.release.xcconfig"; path = "Target Support Files/Pods-InstagramTests/Pods-InstagramTests.release.xcconfig"; sourceTree = "<group>"; };
		56BB25B57242A574FC68D3F2 /* Pods-InstagramTests.debug.xcconfig */ = {isa = PBXFileReference; includeInIndex = 1; lastKnownFileType = text.xcconfig; name = "Pods-InstagramTests.debug.xcconfig"; path = "Target Support Files/Pods-InstagramTests/Pods-InstagramTests.debug.xcconfig"; sourceTree = "<group>"; };
		5FC4CE2987BEFD0D099A0D3A /* Pods_Instagram_InstagramUITests.framework */ = {isa = PBXFileReference; explicitFileType = wrapper.framework; includeInIndex = 0; path = Pods_Instagram_InstagramUITests.framework; sourceTree = BUILT_PRODUCTS_DIR; };
		60D58F9D9EAC7F2AEAE34971 /* Pods-Instagram.debug.xcconfig */ = {isa = PBXFileReference; includeInIndex = 1; lastKnownFileType = text.xcconfig; name = "Pods-Instagram.debug.xcconfig"; path = "Target Support Files/Pods-Instagram/Pods-Instagram.debug.xcconfig"; sourceTree = "<group>"; };
		61043760B3968A5B286120E3 /* Pods_Instagram.framework */ = {isa = PBXFileReference; explicitFileType = wrapper.framework; includeInIndex = 0; path = Pods_Instagram.framework; sourceTree = BUILT_PRODUCTS_DIR; };
		677AF4B6074AE10BAE574F8F /* Pods-Instagram-InstagramUITests.debug.xcconfig */ = {isa = PBXFileReference; includeInIndex = 1; lastKnownFileType = text.xcconfig; name = "Pods-Instagram-InstagramUITests.debug.xcconfig"; path = "Target Support Files/Pods-Instagram-InstagramUITests/Pods-Instagram-InstagramUITests.debug.xcconfig"; sourceTree = "<group>"; };
		7E0441F7286CD0B900722C86 /* Instagram.app */ = {isa = PBXFileReference; explicitFileType = wrapper.application; includeInIndex = 0; path = Instagram.app; sourceTree = BUILT_PRODUCTS_DIR; };
		7E0441FA286CD0B900722C86 /* AppDelegate.h */ = {isa = PBXFileReference; lastKnownFileType = sourcecode.c.h; path = AppDelegate.h; sourceTree = "<group>"; };
		7E0441FB286CD0B900722C86 /* AppDelegate.m */ = {isa = PBXFileReference; lastKnownFileType = sourcecode.c.objc; path = AppDelegate.m; sourceTree = "<group>"; };
		7E0441FD286CD0B900722C86 /* SceneDelegate.h */ = {isa = PBXFileReference; lastKnownFileType = sourcecode.c.h; path = SceneDelegate.h; sourceTree = "<group>"; };
		7E0441FE286CD0B900722C86 /* SceneDelegate.m */ = {isa = PBXFileReference; lastKnownFileType = sourcecode.c.objc; path = SceneDelegate.m; sourceTree = "<group>"; };
		7E044204286CD0B900722C86 /* Base */ = {isa = PBXFileReference; lastKnownFileType = file.storyboard; name = Base; path = Base.lproj/Main.storyboard; sourceTree = "<group>"; };
		7E044206286CD0BA00722C86 /* Assets.xcassets */ = {isa = PBXFileReference; lastKnownFileType = folder.assetcatalog; path = Assets.xcassets; sourceTree = "<group>"; };
		7E044209286CD0BA00722C86 /* Base */ = {isa = PBXFileReference; lastKnownFileType = file.storyboard; name = Base; path = Base.lproj/LaunchScreen.storyboard; sourceTree = "<group>"; };
		7E04420B286CD0BA00722C86 /* Info.plist */ = {isa = PBXFileReference; lastKnownFileType = text.plist.xml; path = Info.plist; sourceTree = "<group>"; };
		7E04420C286CD0BA00722C86 /* main.m */ = {isa = PBXFileReference; lastKnownFileType = sourcecode.c.objc; path = main.m; sourceTree = "<group>"; };
		7E044212286CD0BA00722C86 /* InstagramTests.xctest */ = {isa = PBXFileReference; explicitFileType = wrapper.cfbundle; includeInIndex = 0; path = InstagramTests.xctest; sourceTree = BUILT_PRODUCTS_DIR; };
		7E044216286CD0BA00722C86 /* InstagramTests.m */ = {isa = PBXFileReference; lastKnownFileType = sourcecode.c.objc; path = InstagramTests.m; sourceTree = "<group>"; };
		7E04421C286CD0BA00722C86 /* InstagramUITests.xctest */ = {isa = PBXFileReference; explicitFileType = wrapper.cfbundle; includeInIndex = 0; path = InstagramUITests.xctest; sourceTree = BUILT_PRODUCTS_DIR; };
		7E044220286CD0BA00722C86 /* InstagramUITests.m */ = {isa = PBXFileReference; lastKnownFileType = sourcecode.c.objc; path = InstagramUITests.m; sourceTree = "<group>"; };
		7E044222286CD0BA00722C86 /* InstagramUITestsLaunchTests.m */ = {isa = PBXFileReference; lastKnownFileType = sourcecode.c.objc; path = InstagramUITestsLaunchTests.m; sourceTree = "<group>"; };
		7E8FD34C286CDAF0001F24A0 /* LoginViewController.h */ = {isa = PBXFileReference; lastKnownFileType = sourcecode.c.h; path = LoginViewController.h; sourceTree = "<group>"; };
		7E8FD34D286CDAF0001F24A0 /* LoginViewController.m */ = {isa = PBXFileReference; lastKnownFileType = sourcecode.c.objc; path = LoginViewController.m; sourceTree = "<group>"; };
		7E8FD34F286D10E4001F24A0 /* FeedViewController.h */ = {isa = PBXFileReference; lastKnownFileType = sourcecode.c.h; path = FeedViewController.h; sourceTree = "<group>"; };
		7E8FD350286D10E4001F24A0 /* FeedViewController.m */ = {isa = PBXFileReference; lastKnownFileType = sourcecode.c.objc; path = FeedViewController.m; sourceTree = "<group>"; };
		7E8FD352286D10FC001F24A0 /* ProfileViewController.h */ = {isa = PBXFileReference; lastKnownFileType = sourcecode.c.h; path = ProfileViewController.h; sourceTree = "<group>"; };
		7E8FD353286D10FC001F24A0 /* ProfileViewController.m */ = {isa = PBXFileReference; lastKnownFileType = sourcecode.c.objc; path = ProfileViewController.m; sourceTree = "<group>"; };
		7E8FD355286D1B79001F24A0 /* InstaCell.h */ = {isa = PBXFileReference; lastKnownFileType = sourcecode.c.h; path = InstaCell.h; sourceTree = "<group>"; };
		7E8FD356286D1B79001F24A0 /* InstaCell.m */ = {isa = PBXFileReference; lastKnownFileType = sourcecode.c.objc; path = InstaCell.m; sourceTree = "<group>"; };
		89AACC5DB87F33B492215C8E /* Pods-Instagram.release.xcconfig */ = {isa = PBXFileReference; includeInIndex = 1; lastKnownFileType = text.xcconfig; name = "Pods-Instagram.release.xcconfig"; path = "Target Support Files/Pods-Instagram/Pods-Instagram.release.xcconfig"; sourceTree = "<group>"; };
		F594062F671C8B7718CD19DA /* Pods_InstagramTests.framework */ = {isa = PBXFileReference; explicitFileType = wrapper.framework; includeInIndex = 0; path = Pods_InstagramTests.framework; sourceTree = BUILT_PRODUCTS_DIR; };
/* End PBXFileReference section */

/* Begin PBXFrameworksBuildPhase section */
		7E0441F4286CD0B900722C86 /* Frameworks */ = {
			isa = PBXFrameworksBuildPhase;
			buildActionMask = 2147483647;
			files = (
				3E5EC49AAC603C88A24DB817 /* Pods_Instagram.framework in Frameworks */,
			);
			runOnlyForDeploymentPostprocessing = 0;
		};
		7E04420F286CD0BA00722C86 /* Frameworks */ = {
			isa = PBXFrameworksBuildPhase;
			buildActionMask = 2147483647;
			files = (
				3FDDD3E372849E35C8F4BE02 /* Pods_InstagramTests.framework in Frameworks */,
			);
			runOnlyForDeploymentPostprocessing = 0;
		};
		7E044219286CD0BA00722C86 /* Frameworks */ = {
			isa = PBXFrameworksBuildPhase;
			buildActionMask = 2147483647;
			files = (
				8E171CC0FF0E1B5CD2FE8F3A /* Pods_Instagram_InstagramUITests.framework in Frameworks */,
			);
			runOnlyForDeploymentPostprocessing = 0;
		};
/* End PBXFrameworksBuildPhase section */

/* Begin PBXGroup section */
		7E0441EE286CD0B900722C86 = {
			isa = PBXGroup;
			children = (
				7E0441F9286CD0B900722C86 /* Instagram */,
				7E044215286CD0BA00722C86 /* InstagramTests */,
				7E04421F286CD0BA00722C86 /* InstagramUITests */,
				7E0441F8286CD0B900722C86 /* Products */,
				8C15A95CA9D17CB89DB8A92D /* Pods */,
				F86875E631B33F8823CD756F /* Frameworks */,
			);
			sourceTree = "<group>";
		};
		7E0441F8286CD0B900722C86 /* Products */ = {
			isa = PBXGroup;
			children = (
				7E0441F7286CD0B900722C86 /* Instagram.app */,
				7E044212286CD0BA00722C86 /* InstagramTests.xctest */,
				7E04421C286CD0BA00722C86 /* InstagramUITests.xctest */,
			);
			name = Products;
			sourceTree = "<group>";
		};
		7E0441F9286CD0B900722C86 /* Instagram */ = {
			isa = PBXGroup;
			children = (
				7E0441FA286CD0B900722C86 /* AppDelegate.h */,
				7E0441FB286CD0B900722C86 /* AppDelegate.m */,
				7E0441FD286CD0B900722C86 /* SceneDelegate.h */,
				7E0441FE286CD0B900722C86 /* SceneDelegate.m */,
				7E8FD34C286CDAF0001F24A0 /* LoginViewController.h */,
				7E8FD34D286CDAF0001F24A0 /* LoginViewController.m */,
				7E8FD34F286D10E4001F24A0 /* FeedViewController.h */,
				7E8FD350286D10E4001F24A0 /* FeedViewController.m */,
				7E8FD355286D1B79001F24A0 /* InstaCell.h */,
				7E8FD356286D1B79001F24A0 /* InstaCell.m */,
				7E8FD352286D10FC001F24A0 /* ProfileViewController.h */,
				7E8FD353286D10FC001F24A0 /* ProfileViewController.m */,
				7E044206286CD0BA00722C86 /* Assets.xcassets */,
				7E044203286CD0B900722C86 /* Main.storyboard */,
				7E044208286CD0BA00722C86 /* LaunchScreen.storyboard */,
				7E04420B286CD0BA00722C86 /* Info.plist */,
				7E04420C286CD0BA00722C86 /* main.m */,
			);
			path = Instagram;
			sourceTree = "<group>";
		};
		7E044215286CD0BA00722C86 /* InstagramTests */ = {
			isa = PBXGroup;
			children = (
				7E044216286CD0BA00722C86 /* InstagramTests.m */,
			);
			path = InstagramTests;
			sourceTree = "<group>";
		};
		7E04421F286CD0BA00722C86 /* InstagramUITests */ = {
			isa = PBXGroup;
			children = (
				7E044220286CD0BA00722C86 /* InstagramUITests.m */,
				7E044222286CD0BA00722C86 /* InstagramUITestsLaunchTests.m */,
			);
			path = InstagramUITests;
			sourceTree = "<group>";
		};
		8C15A95CA9D17CB89DB8A92D /* Pods */ = {
			isa = PBXGroup;
			children = (
				60D58F9D9EAC7F2AEAE34971 /* Pods-Instagram.debug.xcconfig */,
				89AACC5DB87F33B492215C8E /* Pods-Instagram.release.xcconfig */,
				677AF4B6074AE10BAE574F8F /* Pods-Instagram-InstagramUITests.debug.xcconfig */,
				086F722914C048D5EB8F7A35 /* Pods-Instagram-InstagramUITests.release.xcconfig */,
				56BB25B57242A574FC68D3F2 /* Pods-InstagramTests.debug.xcconfig */,
				529E2985D25A2C2010AA5D26 /* Pods-InstagramTests.release.xcconfig */,
			);
			path = Pods;
			sourceTree = "<group>";
		};
		F86875E631B33F8823CD756F /* Frameworks */ = {
			isa = PBXGroup;
			children = (
				61043760B3968A5B286120E3 /* Pods_Instagram.framework */,
				5FC4CE2987BEFD0D099A0D3A /* Pods_Instagram_InstagramUITests.framework */,
				F594062F671C8B7718CD19DA /* Pods_InstagramTests.framework */,
			);
			name = Frameworks;
			sourceTree = "<group>";
		};
/* End PBXGroup section */

/* Begin PBXNativeTarget section */
		7E0441F6286CD0B900722C86 /* Instagram */ = {
			isa = PBXNativeTarget;
			buildConfigurationList = 7E044226286CD0BA00722C86 /* Build configuration list for PBXNativeTarget "Instagram" */;
			buildPhases = (
				2F41D45CD81A31AD24745A6C /* [CP] Check Pods Manifest.lock */,
				7E0441F3286CD0B900722C86 /* Sources */,
				7E0441F4286CD0B900722C86 /* Frameworks */,
				7E0441F5286CD0B900722C86 /* Resources */,
				A8086EABC011F1F80BE3B7F8 /* [CP] Embed Pods Frameworks */,
			);
			buildRules = (
			);
			dependencies = (
			);
			name = Instagram;
			productName = Instagram;
			productReference = 7E0441F7286CD0B900722C86 /* Instagram.app */;
			productType = "com.apple.product-type.application";
		};
		7E044211286CD0BA00722C86 /* InstagramTests */ = {
			isa = PBXNativeTarget;
			buildConfigurationList = 7E044229286CD0BA00722C86 /* Build configuration list for PBXNativeTarget "InstagramTests" */;
			buildPhases = (
				5765D9F65AB7B94AC9E49F18 /* [CP] Check Pods Manifest.lock */,
				7E04420E286CD0BA00722C86 /* Sources */,
				7E04420F286CD0BA00722C86 /* Frameworks */,
				7E044210286CD0BA00722C86 /* Resources */,
			);
			buildRules = (
			);
			dependencies = (
				7E044214286CD0BA00722C86 /* PBXTargetDependency */,
			);
			name = InstagramTests;
			productName = InstagramTests;
			productReference = 7E044212286CD0BA00722C86 /* InstagramTests.xctest */;
			productType = "com.apple.product-type.bundle.unit-test";
		};
		7E04421B286CD0BA00722C86 /* InstagramUITests */ = {
			isa = PBXNativeTarget;
			buildConfigurationList = 7E04422C286CD0BA00722C86 /* Build configuration list for PBXNativeTarget "InstagramUITests" */;
			buildPhases = (
				A520B432BFB28DD2B4DD2689 /* [CP] Check Pods Manifest.lock */,
				7E044218286CD0BA00722C86 /* Sources */,
				7E044219286CD0BA00722C86 /* Frameworks */,
				7E04421A286CD0BA00722C86 /* Resources */,
				167DE4500C25E869B5702DC0 /* [CP] Embed Pods Frameworks */,
			);
			buildRules = (
			);
			dependencies = (
				7E04421E286CD0BA00722C86 /* PBXTargetDependency */,
			);
			name = InstagramUITests;
			productName = InstagramUITests;
			productReference = 7E04421C286CD0BA00722C86 /* InstagramUITests.xctest */;
			productType = "com.apple.product-type.bundle.ui-testing";
		};
/* End PBXNativeTarget section */

/* Begin PBXProject section */
		7E0441EF286CD0B900722C86 /* Project object */ = {
			isa = PBXProject;
			attributes = {
				BuildIndependentTargetsInParallel = 1;
				LastUpgradeCheck = 1340;
				TargetAttributes = {
					7E0441F6286CD0B900722C86 = {
						CreatedOnToolsVersion = 13.4.1;
					};
					7E044211286CD0BA00722C86 = {
						CreatedOnToolsVersion = 13.4.1;
						TestTargetID = 7E0441F6286CD0B900722C86;
					};
					7E04421B286CD0BA00722C86 = {
						CreatedOnToolsVersion = 13.4.1;
						TestTargetID = 7E0441F6286CD0B900722C86;
					};
				};
			};
			buildConfigurationList = 7E0441F2286CD0B900722C86 /* Build configuration list for PBXProject "Instagram" */;
			compatibilityVersion = "Xcode 13.0";
			developmentRegion = en;
			hasScannedForEncodings = 0;
			knownRegions = (
				en,
				Base,
			);
			mainGroup = 7E0441EE286CD0B900722C86;
			productRefGroup = 7E0441F8286CD0B900722C86 /* Products */;
			projectDirPath = "";
			projectRoot = "";
			targets = (
				7E0441F6286CD0B900722C86 /* Instagram */,
				7E044211286CD0BA00722C86 /* InstagramTests */,
				7E04421B286CD0BA00722C86 /* InstagramUITests */,
			);
		};
/* End PBXProject section */

/* Begin PBXResourcesBuildPhase section */
		7E0441F5286CD0B900722C86 /* Resources */ = {
			isa = PBXResourcesBuildPhase;
			buildActionMask = 2147483647;
			files = (
				7E04420A286CD0BA00722C86 /* LaunchScreen.storyboard in Resources */,
				7E044207286CD0BA00722C86 /* Assets.xcassets in Resources */,
				7E044205286CD0B900722C86 /* Main.storyboard in Resources */,
			);
			runOnlyForDeploymentPostprocessing = 0;
		};
		7E044210286CD0BA00722C86 /* Resources */ = {
			isa = PBXResourcesBuildPhase;
			buildActionMask = 2147483647;
			files = (
			);
			runOnlyForDeploymentPostprocessing = 0;
		};
		7E04421A286CD0BA00722C86 /* Resources */ = {
			isa = PBXResourcesBuildPhase;
			buildActionMask = 2147483647;
			files = (
			);
			runOnlyForDeploymentPostprocessing = 0;
		};
/* End PBXResourcesBuildPhase section */

/* Begin PBXShellScriptBuildPhase section */
		167DE4500C25E869B5702DC0 /* [CP] Embed Pods Frameworks */ = {
			isa = PBXShellScriptBuildPhase;
			buildActionMask = 2147483647;
			files = (
			);
			inputFileListPaths = (
				"${PODS_ROOT}/Target Support Files/Pods-Instagram-InstagramUITests/Pods-Instagram-InstagramUITests-frameworks-${CONFIGURATION}-input-files.xcfilelist",
			);
			name = "[CP] Embed Pods Frameworks";
			outputFileListPaths = (
				"${PODS_ROOT}/Target Support Files/Pods-Instagram-InstagramUITests/Pods-Instagram-InstagramUITests-frameworks-${CONFIGURATION}-output-files.xcfilelist",
			);
			runOnlyForDeploymentPostprocessing = 0;
			shellPath = /bin/sh;
			shellScript = "\"${PODS_ROOT}/Target Support Files/Pods-Instagram-InstagramUITests/Pods-Instagram-InstagramUITests-frameworks.sh\"\n";
			showEnvVarsInLog = 0;
		};
		2F41D45CD81A31AD24745A6C /* [CP] Check Pods Manifest.lock */ = {
			isa = PBXShellScriptBuildPhase;
			buildActionMask = 2147483647;
			files = (
			);
			inputFileListPaths = (
			);
			inputPaths = (
				"${PODS_PODFILE_DIR_PATH}/Podfile.lock",
				"${PODS_ROOT}/Manifest.lock",
			);
			name = "[CP] Check Pods Manifest.lock";
			outputFileListPaths = (
			);
			outputPaths = (
				"$(DERIVED_FILE_DIR)/Pods-Instagram-checkManifestLockResult.txt",
			);
			runOnlyForDeploymentPostprocessing = 0;
			shellPath = /bin/sh;
			shellScript = "diff \"${PODS_PODFILE_DIR_PATH}/Podfile.lock\" \"${PODS_ROOT}/Manifest.lock\" > /dev/null\nif [ $? != 0 ] ; then\n    # print error to STDERR\n    echo \"error: The sandbox is not in sync with the Podfile.lock. Run 'pod install' or update your CocoaPods installation.\" >&2\n    exit 1\nfi\n# This output is used by Xcode 'outputs' to avoid re-running this script phase.\necho \"SUCCESS\" > \"${SCRIPT_OUTPUT_FILE_0}\"\n";
			showEnvVarsInLog = 0;
		};
		5765D9F65AB7B94AC9E49F18 /* [CP] Check Pods Manifest.lock */ = {
			isa = PBXShellScriptBuildPhase;
			buildActionMask = 2147483647;
			files = (
			);
			inputFileListPaths = (
			);
			inputPaths = (
				"${PODS_PODFILE_DIR_PATH}/Podfile.lock",
				"${PODS_ROOT}/Manifest.lock",
			);
			name = "[CP] Check Pods Manifest.lock";
			outputFileListPaths = (
			);
			outputPaths = (
				"$(DERIVED_FILE_DIR)/Pods-InstagramTests-checkManifestLockResult.txt",
			);
			runOnlyForDeploymentPostprocessing = 0;
			shellPath = /bin/sh;
			shellScript = "diff \"${PODS_PODFILE_DIR_PATH}/Podfile.lock\" \"${PODS_ROOT}/Manifest.lock\" > /dev/null\nif [ $? != 0 ] ; then\n    # print error to STDERR\n    echo \"error: The sandbox is not in sync with the Podfile.lock. Run 'pod install' or update your CocoaPods installation.\" >&2\n    exit 1\nfi\n# This output is used by Xcode 'outputs' to avoid re-running this script phase.\necho \"SUCCESS\" > \"${SCRIPT_OUTPUT_FILE_0}\"\n";
			showEnvVarsInLog = 0;
		};
		A520B432BFB28DD2B4DD2689 /* [CP] Check Pods Manifest.lock */ = {
			isa = PBXShellScriptBuildPhase;
			buildActionMask = 2147483647;
			files = (
			);
			inputFileListPaths = (
			);
			inputPaths = (
				"${PODS_PODFILE_DIR_PATH}/Podfile.lock",
				"${PODS_ROOT}/Manifest.lock",
			);
			name = "[CP] Check Pods Manifest.lock";
			outputFileListPaths = (
			);
			outputPaths = (
				"$(DERIVED_FILE_DIR)/Pods-Instagram-InstagramUITests-checkManifestLockResult.txt",
			);
			runOnlyForDeploymentPostprocessing = 0;
			shellPath = /bin/sh;
			shellScript = "diff \"${PODS_PODFILE_DIR_PATH}/Podfile.lock\" \"${PODS_ROOT}/Manifest.lock\" > /dev/null\nif [ $? != 0 ] ; then\n    # print error to STDERR\n    echo \"error: The sandbox is not in sync with the Podfile.lock. Run 'pod install' or update your CocoaPods installation.\" >&2\n    exit 1\nfi\n# This output is used by Xcode 'outputs' to avoid re-running this script phase.\necho \"SUCCESS\" > \"${SCRIPT_OUTPUT_FILE_0}\"\n";
			showEnvVarsInLog = 0;
		};
		A8086EABC011F1F80BE3B7F8 /* [CP] Embed Pods Frameworks */ = {
			isa = PBXShellScriptBuildPhase;
			buildActionMask = 2147483647;
			files = (
			);
			inputFileListPaths = (
				"${PODS_ROOT}/Target Support Files/Pods-Instagram/Pods-Instagram-frameworks-${CONFIGURATION}-input-files.xcfilelist",
			);
			name = "[CP] Embed Pods Frameworks";
			outputFileListPaths = (
				"${PODS_ROOT}/Target Support Files/Pods-Instagram/Pods-Instagram-frameworks-${CONFIGURATION}-output-files.xcfilelist",
			);
			runOnlyForDeploymentPostprocessing = 0;
			shellPath = /bin/sh;
			shellScript = "\"${PODS_ROOT}/Target Support Files/Pods-Instagram/Pods-Instagram-frameworks.sh\"\n";
			showEnvVarsInLog = 0;
		};
/* End PBXShellScriptBuildPhase section */

/* Begin PBXSourcesBuildPhase section */
		7E0441F3286CD0B900722C86 /* Sources */ = {
			isa = PBXSourcesBuildPhase;
			buildActionMask = 2147483647;
			files = (
				7E0441FC286CD0B900722C86 /* AppDelegate.m in Sources */,
				7E8FD357286D1B79001F24A0 /* InstaCell.m in Sources */,
				7E8FD351286D10E4001F24A0 /* FeedViewController.m in Sources */,
				7E04420D286CD0BA00722C86 /* main.m in Sources */,
				7E0441FF286CD0B900722C86 /* SceneDelegate.m in Sources */,
				7E8FD354286D10FC001F24A0 /* ProfileViewController.m in Sources */,
				7E8FD34E286CDAF0001F24A0 /* LoginViewController.m in Sources */,
			);
			runOnlyForDeploymentPostprocessing = 0;
		};
		7E04420E286CD0BA00722C86 /* Sources */ = {
			isa = PBXSourcesBuildPhase;
			buildActionMask = 2147483647;
			files = (
				7E044217286CD0BA00722C86 /* InstagramTests.m in Sources */,
			);
			runOnlyForDeploymentPostprocessing = 0;
		};
		7E044218286CD0BA00722C86 /* Sources */ = {
			isa = PBXSourcesBuildPhase;
			buildActionMask = 2147483647;
			files = (
				7E044221286CD0BA00722C86 /* InstagramUITests.m in Sources */,
				7E044223286CD0BA00722C86 /* InstagramUITestsLaunchTests.m in Sources */,
			);
			runOnlyForDeploymentPostprocessing = 0;
		};
/* End PBXSourcesBuildPhase section */

/* Begin PBXTargetDependency section */
		7E044214286CD0BA00722C86 /* PBXTargetDependency */ = {
			isa = PBXTargetDependency;
			target = 7E0441F6286CD0B900722C86 /* Instagram */;
			targetProxy = 7E044213286CD0BA00722C86 /* PBXContainerItemProxy */;
		};
		7E04421E286CD0BA00722C86 /* PBXTargetDependency */ = {
			isa = PBXTargetDependency;
			target = 7E0441F6286CD0B900722C86 /* Instagram */;
			targetProxy = 7E04421D286CD0BA00722C86 /* PBXContainerItemProxy */;
		};
/* End PBXTargetDependency section */

/* Begin PBXVariantGroup section */
		7E044203286CD0B900722C86 /* Main.storyboard */ = {
			isa = PBXVariantGroup;
			children = (
				7E044204286CD0B900722C86 /* Base */,
			);
			name = Main.storyboard;
			sourceTree = "<group>";
		};
		7E044208286CD0BA00722C86 /* LaunchScreen.storyboard */ = {
			isa = PBXVariantGroup;
			children = (
				7E044209286CD0BA00722C86 /* Base */,
			);
			name = LaunchScreen.storyboard;
			sourceTree = "<group>";
		};
/* End PBXVariantGroup section */

/* Begin XCBuildConfiguration section */
		7E044224286CD0BA00722C86 /* Debug */ = {
			isa = XCBuildConfiguration;
			buildSettings = {
				ALWAYS_SEARCH_USER_PATHS = NO;
				CLANG_ANALYZER_NONNULL = YES;
				CLANG_ANALYZER_NUMBER_OBJECT_CONVERSION = YES_AGGRESSIVE;
				CLANG_CXX_LANGUAGE_STANDARD = "gnu++17";
				CLANG_ENABLE_MODULES = YES;
				CLANG_ENABLE_OBJC_ARC = YES;
				CLANG_ENABLE_OBJC_WEAK = YES;
				CLANG_WARN_BLOCK_CAPTURE_AUTORELEASING = YES;
				CLANG_WARN_BOOL_CONVERSION = YES;
				CLANG_WARN_COMMA = YES;
				CLANG_WARN_CONSTANT_CONVERSION = YES;
				CLANG_WARN_DEPRECATED_OBJC_IMPLEMENTATIONS = YES;
				CLANG_WARN_DIRECT_OBJC_ISA_USAGE = YES_ERROR;
				CLANG_WARN_DOCUMENTATION_COMMENTS = YES;
				CLANG_WARN_EMPTY_BODY = YES;
				CLANG_WARN_ENUM_CONVERSION = YES;
				CLANG_WARN_INFINITE_RECURSION = YES;
				CLANG_WARN_INT_CONVERSION = YES;
				CLANG_WARN_NON_LITERAL_NULL_CONVERSION = YES;
				CLANG_WARN_OBJC_IMPLICIT_RETAIN_SELF = YES;
				CLANG_WARN_OBJC_LITERAL_CONVERSION = YES;
				CLANG_WARN_OBJC_ROOT_CLASS = YES_ERROR;
				CLANG_WARN_QUOTED_INCLUDE_IN_FRAMEWORK_HEADER = YES;
				CLANG_WARN_RANGE_LOOP_ANALYSIS = YES;
				CLANG_WARN_STRICT_PROTOTYPES = YES;
				CLANG_WARN_SUSPICIOUS_MOVE = YES;
				CLANG_WARN_UNGUARDED_AVAILABILITY = YES_AGGRESSIVE;
				CLANG_WARN_UNREACHABLE_CODE = YES;
				CLANG_WARN__DUPLICATE_METHOD_MATCH = YES;
				COPY_PHASE_STRIP = NO;
				DEBUG_INFORMATION_FORMAT = dwarf;
				ENABLE_STRICT_OBJC_MSGSEND = YES;
				ENABLE_TESTABILITY = YES;
				GCC_C_LANGUAGE_STANDARD = gnu11;
				GCC_DYNAMIC_NO_PIC = NO;
				GCC_NO_COMMON_BLOCKS = YES;
				GCC_OPTIMIZATION_LEVEL = 0;
				GCC_PREPROCESSOR_DEFINITIONS = (
					"DEBUG=1",
					"$(inherited)",
				);
				GCC_WARN_64_TO_32_BIT_CONVERSION = YES;
				GCC_WARN_ABOUT_RETURN_TYPE = YES_ERROR;
				GCC_WARN_UNDECLARED_SELECTOR = YES;
				GCC_WARN_UNINITIALIZED_AUTOS = YES_AGGRESSIVE;
				GCC_WARN_UNUSED_FUNCTION = YES;
				GCC_WARN_UNUSED_VARIABLE = YES;
				IPHONEOS_DEPLOYMENT_TARGET = 15.5;
				MTL_ENABLE_DEBUG_INFO = INCLUDE_SOURCE;
				MTL_FAST_MATH = YES;
				ONLY_ACTIVE_ARCH = YES;
				SDKROOT = iphoneos;
			};
			name = Debug;
		};
		7E044225286CD0BA00722C86 /* Release */ = {
			isa = XCBuildConfiguration;
			buildSettings = {
				ALWAYS_SEARCH_USER_PATHS = NO;
				CLANG_ANALYZER_NONNULL = YES;
				CLANG_ANALYZER_NUMBER_OBJECT_CONVERSION = YES_AGGRESSIVE;
				CLANG_CXX_LANGUAGE_STANDARD = "gnu++17";
				CLANG_ENABLE_MODULES = YES;
				CLANG_ENABLE_OBJC_ARC = YES;
				CLANG_ENABLE_OBJC_WEAK = YES;
				CLANG_WARN_BLOCK_CAPTURE_AUTORELEASING = YES;
				CLANG_WARN_BOOL_CONVERSION = YES;
				CLANG_WARN_COMMA = YES;
				CLANG_WARN_CONSTANT_CONVERSION = YES;
				CLANG_WARN_DEPRECATED_OBJC_IMPLEMENTATIONS = YES;
				CLANG_WARN_DIRECT_OBJC_ISA_USAGE = YES_ERROR;
				CLANG_WARN_DOCUMENTATION_COMMENTS = YES;
				CLANG_WARN_EMPTY_BODY = YES;
				CLANG_WARN_ENUM_CONVERSION = YES;
				CLANG_WARN_INFINITE_RECURSION = YES;
				CLANG_WARN_INT_CONVERSION = YES;
				CLANG_WARN_NON_LITERAL_NULL_CONVERSION = YES;
				CLANG_WARN_OBJC_IMPLICIT_RETAIN_SELF = YES;
				CLANG_WARN_OBJC_LITERAL_CONVERSION = YES;
				CLANG_WARN_OBJC_ROOT_CLASS = YES_ERROR;
				CLANG_WARN_QUOTED_INCLUDE_IN_FRAMEWORK_HEADER = YES;
				CLANG_WARN_RANGE_LOOP_ANALYSIS = YES;
				CLANG_WARN_STRICT_PROTOTYPES = YES;
				CLANG_WARN_SUSPICIOUS_MOVE = YES;
				CLANG_WARN_UNGUARDED_AVAILABILITY = YES_AGGRESSIVE;
				CLANG_WARN_UNREACHABLE_CODE = YES;
				CLANG_WARN__DUPLICATE_METHOD_MATCH = YES;
				COPY_PHASE_STRIP = NO;
				DEBUG_INFORMATION_FORMAT = "dwarf-with-dsym";
				ENABLE_NS_ASSERTIONS = NO;
				ENABLE_STRICT_OBJC_MSGSEND = YES;
				GCC_C_LANGUAGE_STANDARD = gnu11;
				GCC_NO_COMMON_BLOCKS = YES;
				GCC_WARN_64_TO_32_BIT_CONVERSION = YES;
				GCC_WARN_ABOUT_RETURN_TYPE = YES_ERROR;
				GCC_WARN_UNDECLARED_SELECTOR = YES;
				GCC_WARN_UNINITIALIZED_AUTOS = YES_AGGRESSIVE;
				GCC_WARN_UNUSED_FUNCTION = YES;
				GCC_WARN_UNUSED_VARIABLE = YES;
				IPHONEOS_DEPLOYMENT_TARGET = 15.5;
				MTL_ENABLE_DEBUG_INFO = NO;
				MTL_FAST_MATH = YES;
				SDKROOT = iphoneos;
				VALIDATE_PRODUCT = YES;
			};
			name = Release;
		};
		7E044227286CD0BA00722C86 /* Debug */ = {
			isa = XCBuildConfiguration;
			baseConfigurationReference = 60D58F9D9EAC7F2AEAE34971 /* Pods-Instagram.debug.xcconfig */;
			buildSettings = {
				ASSETCATALOG_COMPILER_APPICON_NAME = AppIcon;
				ASSETCATALOG_COMPILER_GLOBAL_ACCENT_COLOR_NAME = AccentColor;
				CODE_SIGN_STYLE = Automatic;
				CURRENT_PROJECT_VERSION = 1;
				DEVELOPMENT_TEAM = U8WH5D6D56;
				GENERATE_INFOPLIST_FILE = YES;
				INFOPLIST_FILE = Instagram/Info.plist;
				INFOPLIST_KEY_UIApplicationSupportsIndirectInputEvents = YES;
				INFOPLIST_KEY_UILaunchStoryboardName = LaunchScreen;
				INFOPLIST_KEY_UIMainStoryboardFile = Main;
				INFOPLIST_KEY_UISupportedInterfaceOrientations_iPad = "UIInterfaceOrientationPortrait UIInterfaceOrientationPortraitUpsideDown UIInterfaceOrientationLandscapeLeft UIInterfaceOrientationLandscapeRight";
				INFOPLIST_KEY_UISupportedInterfaceOrientations_iPhone = "UIInterfaceOrientationPortrait UIInterfaceOrientationLandscapeLeft UIInterfaceOrientationLandscapeRight";
				LD_RUNPATH_SEARCH_PATHS = (
					"$(inherited)",
					"@executable_path/Frameworks",
				);
				MARKETING_VERSION = 1.0;
				PRODUCT_BUNDLE_IDENTIFIER = meta.Instagram;
				PRODUCT_NAME = "$(TARGET_NAME)";
				SWIFT_EMIT_LOC_STRINGS = YES;
				TARGETED_DEVICE_FAMILY = "1,2";
			};
			name = Debug;
		};
		7E044228286CD0BA00722C86 /* Release */ = {
			isa = XCBuildConfiguration;
			baseConfigurationReference = 89AACC5DB87F33B492215C8E /* Pods-Instagram.release.xcconfig */;
			buildSettings = {
				ASSETCATALOG_COMPILER_APPICON_NAME = AppIcon;
				ASSETCATALOG_COMPILER_GLOBAL_ACCENT_COLOR_NAME = AccentColor;
				CODE_SIGN_STYLE = Automatic;
				CURRENT_PROJECT_VERSION = 1;
				DEVELOPMENT_TEAM = U8WH5D6D56;
				GENERATE_INFOPLIST_FILE = YES;
				INFOPLIST_FILE = Instagram/Info.plist;
				INFOPLIST_KEY_UIApplicationSupportsIndirectInputEvents = YES;
				INFOPLIST_KEY_UILaunchStoryboardName = LaunchScreen;
				INFOPLIST_KEY_UIMainStoryboardFile = Main;
				INFOPLIST_KEY_UISupportedInterfaceOrientations_iPad = "UIInterfaceOrientationPortrait UIInterfaceOrientationPortraitUpsideDown UIInterfaceOrientationLandscapeLeft UIInterfaceOrientationLandscapeRight";
				INFOPLIST_KEY_UISupportedInterfaceOrientations_iPhone = "UIInterfaceOrientationPortrait UIInterfaceOrientationLandscapeLeft UIInterfaceOrientationLandscapeRight";
				LD_RUNPATH_SEARCH_PATHS = (
					"$(inherited)",
					"@executable_path/Frameworks",
				);
				MARKETING_VERSION = 1.0;
				PRODUCT_BUNDLE_IDENTIFIER = meta.Instagram;
				PRODUCT_NAME = "$(TARGET_NAME)";
				SWIFT_EMIT_LOC_STRINGS = YES;
				TARGETED_DEVICE_FAMILY = "1,2";
			};
			name = Release;
		};
		7E04422A286CD0BA00722C86 /* Debug */ = {
			isa = XCBuildConfiguration;
			baseConfigurationReference = 56BB25B57242A574FC68D3F2 /* Pods-InstagramTests.debug.xcconfig */;
			buildSettings = {
				BUNDLE_LOADER = "$(TEST_HOST)";
				CODE_SIGN_STYLE = Automatic;
				CURRENT_PROJECT_VERSION = 1;
				DEVELOPMENT_TEAM = U8WH5D6D56;
				GENERATE_INFOPLIST_FILE = YES;
				IPHONEOS_DEPLOYMENT_TARGET = 15.5;
				MARKETING_VERSION = 1.0;
				PRODUCT_BUNDLE_IDENTIFIER = meta.InstagramTests;
				PRODUCT_NAME = "$(TARGET_NAME)";
				SWIFT_EMIT_LOC_STRINGS = NO;
				TARGETED_DEVICE_FAMILY = "1,2";
				TEST_HOST = "$(BUILT_PRODUCTS_DIR)/Instagram.app/Instagram";
			};
			name = Debug;
		};
		7E04422B286CD0BA00722C86 /* Release */ = {
			isa = XCBuildConfiguration;
			baseConfigurationReference = 529E2985D25A2C2010AA5D26 /* Pods-InstagramTests.release.xcconfig */;
			buildSettings = {
				BUNDLE_LOADER = "$(TEST_HOST)";
				CODE_SIGN_STYLE = Automatic;
				CURRENT_PROJECT_VERSION = 1;
				DEVELOPMENT_TEAM = U8WH5D6D56;
				GENERATE_INFOPLIST_FILE = YES;
				IPHONEOS_DEPLOYMENT_TARGET = 15.5;
				MARKETING_VERSION = 1.0;
				PRODUCT_BUNDLE_IDENTIFIER = meta.InstagramTests;
				PRODUCT_NAME = "$(TARGET_NAME)";
				SWIFT_EMIT_LOC_STRINGS = NO;
				TARGETED_DEVICE_FAMILY = "1,2";
				TEST_HOST = "$(BUILT_PRODUCTS_DIR)/Instagram.app/Instagram";
			};
			name = Release;
		};
		7E04422D286CD0BA00722C86 /* Debug */ = {
			isa = XCBuildConfiguration;
			baseConfigurationReference = 677AF4B6074AE10BAE574F8F /* Pods-Instagram-InstagramUITests.debug.xcconfig */;
			buildSettings = {
				CODE_SIGN_STYLE = Automatic;
				CURRENT_PROJECT_VERSION = 1;
				DEVELOPMENT_TEAM = U8WH5D6D56;
				GENERATE_INFOPLIST_FILE = YES;
				MARKETING_VERSION = 1.0;
				PRODUCT_BUNDLE_IDENTIFIER = meta.InstagramUITests;
				PRODUCT_NAME = "$(TARGET_NAME)";
				SWIFT_EMIT_LOC_STRINGS = NO;
				TARGETED_DEVICE_FAMILY = "1,2";
				TEST_TARGET_NAME = Instagram;
			};
			name = Debug;
		};
		7E04422E286CD0BA00722C86 /* Release */ = {
			isa = XCBuildConfiguration;
			baseConfigurationReference = 086F722914C048D5EB8F7A35 /* Pods-Instagram-InstagramUITests.release.xcconfig */;
			buildSettings = {
				CODE_SIGN_STYLE = Automatic;
				CURRENT_PROJECT_VERSION = 1;
				DEVELOPMENT_TEAM = U8WH5D6D56;
				GENERATE_INFOPLIST_FILE = YES;
				MARKETING_VERSION = 1.0;
				PRODUCT_BUNDLE_IDENTIFIER = meta.InstagramUITests;
				PRODUCT_NAME = "$(TARGET_NAME)";
				SWIFT_EMIT_LOC_STRINGS = NO;
				TARGETED_DEVICE_FAMILY = "1,2";
				TEST_TARGET_NAME = Instagram;
			};
			name = Release;
		};
/* End XCBuildConfiguration section */

/* Begin XCConfigurationList section */
		7E0441F2286CD0B900722C86 /* Build configuration list for PBXProject "Instagram" */ = {
			isa = XCConfigurationList;
			buildConfigurations = (
				7E044224286CD0BA00722C86 /* Debug */,
				7E044225286CD0BA00722C86 /* Release */,
			);
			defaultConfigurationIsVisible = 0;
			defaultConfigurationName = Release;
		};
		7E044226286CD0BA00722C86 /* Build configuration list for PBXNativeTarget "Instagram" */ = {
			isa = XCConfigurationList;
			buildConfigurations = (
				7E044227286CD0BA00722C86 /* Debug */,
				7E044228286CD0BA00722C86 /* Release */,
			);
			defaultConfigurationIsVisible = 0;
			defaultConfigurationName = Release;
		};
		7E044229286CD0BA00722C86 /* Build configuration list for PBXNativeTarget "InstagramTests" */ = {
			isa = XCConfigurationList;
			buildConfigurations = (
				7E04422A286CD0BA00722C86 /* Debug */,
				7E04422B286CD0BA00722C86 /* Release */,
			);
			defaultConfigurationIsVisible = 0;
			defaultConfigurationName = Release;
		};
		7E04422C286CD0BA00722C86 /* Build configuration list for PBXNativeTarget "InstagramUITests" */ = {
			isa = XCConfigurationList;
			buildConfigurations = (
				7E04422D286CD0BA00722C86 /* Debug */,
				7E04422E286CD0BA00722C86 /* Release */,
			);
			defaultConfigurationIsVisible = 0;
			defaultConfigurationName = Release;
		};
/* End XCConfigurationList section */
	};
	rootObject = 7E0441EF286CD0B900722C86 /* Project object */;
}
